
Microsoft Visual Studio Solution File, Format Version 12.00
# Visual Studio Version 17
VisualStudioVersion = 17.4.33205.214
MinimumVisualStudioVersion = 10.0.40219.1
Project("{9A19103F-16F7-4668-BE54-9A1E7A4F7556}") = "JwtApplication.Back", "JwtApplication.Back\JwtApplication.Back.csproj", "{DD127E4A-BD9F-47E1-8834-4408ADC0FA9E}"
EndProject
Project("{FAE04EC0-301F-11D3-BF4B-00C04F79EFBC}") = "JwtApplication.Front", "JwtApplication.Front\JwtApplication.Front.csproj", "{1C76DF9B-B12E-4D1B-A5A8-D58D8B60925C}"
EndProject
Global
	GlobalSection(SolutionConfigurationPlatforms) = preSolution
		Debug|Any CPU = Debug|Any CPU
		Release|Any CPU = Release|Any CPU
	EndGlobalSection
	GlobalSection(ProjectConfigurationPlatforms) = postSolution
		{DD127E4A-BD9F-47E1-8834-4408ADC0FA9E}.Debug|Any CPU.ActiveCfg = Debug|Any CPU
		{DD127E4A-BD9F-47E1-8834-4408ADC0FA9E}.Debug|Any CPU.Build.0 = Debug|Any CPU
		{DD127E4A-BD9F-47E1-8834-4408ADC0FA9E}.Release|Any CPU.ActiveCfg = Release|Any CPU
		{DD127E4A-BD9F-47E1-8834-4408ADC0FA9E}.Release|Any CPU.Build.0 = Release|Any CPU
		{1C76DF9B-B12E-4D1B-A5A8-D58D8B60925C}.Debug|Any CPU.ActiveCfg = Debug|Any CPU
		{1C76DF9B-B12E-4D1B-A5A8-D58D8B60925C}.Debug|Any CPU.Build.0 = Debug|Any CPU
		{1C76DF9B-B12E-4D1B-A5A8-D58D8B60925C}.Release|Any CPU.ActiveCfg = Release|Any CPU
		{1C76DF9B-B12E-4D1B-A5A8-D58D8B60925C}.Release|Any CPU.Build.0 = Release|Any CPU
	EndGlobalSection
	GlobalSection(SolutionProperties) = preSolution
		HideSolutionNode = FALSE
	EndGlobalSection
	GlobalSection(ExtensibilityGlobals) = postSolution
		SolutionGuid = {5E38BF3C-2673-4FAF-8DB3-5FEDEA53FFDA}
	EndGlobalSection
EndGlobal
